
Microsoft Visual Studio Solution File, Format Version 12.00
# Visual Studio 2012
Project("{FAE04EC0-301F-11D3-BF4B-00C04F79EFBC}") = "Counter", "Counter\Counter.csproj", "{CED808C9-2F84-4ABE-938F-3F9FCA3CCEBA}"
EndProject
Global
	GlobalSection(SolutionConfigurationPlatforms) = preSolution
		Debug|x86 = Debug|x86
		Release|x86 = Release|x86
	EndGlobalSection
	GlobalSection(ProjectConfigurationPlatforms) = postSolution
		{CED808C9-2F84-4ABE-938F-3F9FCA3CCEBA}.Debug|x86.ActiveCfg = Debug|x86
		{CED808C9-2F84-4ABE-938F-3F9FCA3CCEBA}.Debug|x86.Build.0 = Debug|x86
		{CED808C9-2F84-4ABE-938F-3F9FCA3CCEBA}.Release|x86.ActiveCfg = Release|x86
		{CED808C9-2F84-4ABE-938F-3F9FCA3CCEBA}.Release|x86.Build.0 = Release|x86
	EndGlobalSection
EndGlobal
